// !$*UTF8*$!
{
	archiveVersion = 1;
	classes = {
	};
	objectVersion = 56;
	objects = {

/* Begin PBXBuildFile section */
		C00BD4A52A12371500FCFB55 /* PokeDexApp.swift in Sources */ = {isa = PBXBuildFile; fileRef = C00BD4A42A12371500FCFB55 /* PokeDexApp.swift */; };
		C00BD4A72A12371500FCFB55 /* ContentView.swift in Sources */ = {isa = PBXBuildFile; fileRef = C00BD4A62A12371500FCFB55 /* ContentView.swift */; };
		C00BD4A92A12371600FCFB55 /* Assets.xcassets in Resources */ = {isa = PBXBuildFile; fileRef = C00BD4A82A12371600FCFB55 /* Assets.xcassets */; };
		C00BD4AC2A12371600FCFB55 /* Preview Assets.xcassets in Resources */ = {isa = PBXBuildFile; fileRef = C00BD4AB2A12371600FCFB55 /* Preview Assets.xcassets */; };
		C00BD4B62A12375900FCFB55 /* MainView.swift in Sources */ = {isa = PBXBuildFile; fileRef = C00BD4B52A12375900FCFB55 /* MainView.swift */; };
		C00BD4B82A1237E400FCFB55 /* PokemonCell.swift in Sources */ = {isa = PBXBuildFile; fileRef = C00BD4B72A1237E400FCFB55 /* PokemonCell.swift */; };
		C00BD4BD2A1247EF00FCFB55 /* ApiManager.swift in Sources */ = {isa = PBXBuildFile; fileRef = C00BD4BC2A1247EF00FCFB55 /* ApiManager.swift */; };
		C00BD4BF2A127B3F00FCFB55 /* Pokemon.swift in Sources */ = {isa = PBXBuildFile; fileRef = C00BD4BE2A127B3F00FCFB55 /* Pokemon.swift */; };
		C00BD4C22A128CCF00FCFB55 /* Kingfisher in Frameworks */ = {isa = PBXBuildFile; productRef = C00BD4C12A128CCF00FCFB55 /* Kingfisher */; };
		C00BD4C42A129FB100FCFB55 /* PopUpView.swift in Sources */ = {isa = PBXBuildFile; fileRef = C00BD4C32A129FB100FCFB55 /* PopUpView.swift */; };
		C0A711F12A13DACE004071C3 /* PokemonListView.swift in Sources */ = {isa = PBXBuildFile; fileRef = C0A711F02A13DACE004071C3 /* PokemonListView.swift */; };
/* End PBXBuildFile section */

/* Begin PBXFileReference section */
		C00BD4A12A12371500FCFB55 /* PokeDex.app */ = {isa = PBXFileReference; explicitFileType = wrapper.application; includeInIndex = 0; path = PokeDex.app; sourceTree = BUILT_PRODUCTS_DIR; };
		C00BD4A42A12371500FCFB55 /* PokeDexApp.swift */ = {isa = PBXFileReference; lastKnownFileType = sourcecode.swift; path = PokeDexApp.swift; sourceTree = "<group>"; };
		C00BD4A62A12371500FCFB55 /* ContentView.swift */ = {isa = PBXFileReference; lastKnownFileType = sourcecode.swift; path = ContentView.swift; sourceTree = "<group>"; };
		C00BD4A82A12371600FCFB55 /* Assets.xcassets */ = {isa = PBXFileReference; lastKnownFileType = folder.assetcatalog; path = Assets.xcassets; sourceTree = "<group>"; };
		C00BD4AB2A12371600FCFB55 /* Preview Assets.xcassets */ = {isa = PBXFileReference; lastKnownFileType = folder.assetcatalog; path = "Preview Assets.xcassets"; sourceTree = "<group>"; };
		C00BD4B52A12375900FCFB55 /* MainView.swift */ = {isa = PBXFileReference; lastKnownFileType = sourcecode.swift; path = MainView.swift; sourceTree = "<group>"; };
		C00BD4B72A1237E400FCFB55 /* PokemonCell.swift */ = {isa = PBXFileReference; lastKnownFileType = sourcecode.swift; path = PokemonCell.swift; sourceTree = "<group>"; };
		C00BD4BC2A1247EF00FCFB55 /* ApiManager.swift */ = {isa = PBXFileReference; lastKnownFileType = sourcecode.swift; path = ApiManager.swift; sourceTree = "<group>"; };
		C00BD4BE2A127B3F00FCFB55 /* Pokemon.swift */ = {isa = PBXFileReference; lastKnownFileType = sourcecode.swift; path = Pokemon.swift; sourceTree = "<group>"; };
		C00BD4C32A129FB100FCFB55 /* PopUpView.swift */ = {isa = PBXFileReference; lastKnownFileType = sourcecode.swift; path = PopUpView.swift; sourceTree = "<group>"; };
		C0A711F02A13DACE004071C3 /* PokemonListView.swift */ = {isa = PBXFileReference; lastKnownFileType = sourcecode.swift; path = PokemonListView.swift; sourceTree = "<group>"; };
/* End PBXFileReference section */

/* Begin PBXFrameworksBuildPhase section */
		C00BD49E2A12371500FCFB55 /* Frameworks */ = {
			isa = PBXFrameworksBuildPhase;
			buildActionMask = 2147483647;
			files = (
				C00BD4C22A128CCF00FCFB55 /* Kingfisher in Frameworks */,
			);
			runOnlyForDeploymentPostprocessing = 0;
		};
/* End PBXFrameworksBuildPhase section */

/* Begin PBXGroup section */
		C00BD4982A12371500FCFB55 = {
			isa = PBXGroup;
			children = (
				C00BD4A32A12371500FCFB55 /* PokeDex */,
				C00BD4A22A12371500FCFB55 /* Products */,
			);
			sourceTree = "<group>";
		};
		C00BD4A22A12371500FCFB55 /* Products */ = {
			isa = PBXGroup;
			children = (
				C00BD4A12A12371500FCFB55 /* PokeDex.app */,
			);
			name = Products;
			sourceTree = "<group>";
		};
		C00BD4A32A12371500FCFB55 /* PokeDex */ = {
			isa = PBXGroup;
			children = (
				C00BD4B42A12374600FCFB55 /* View */,
				C00BD4B32A12373D00FCFB55 /* ViewModel */,
				C00BD4B22A12373700FCFB55 /* Model */,
				C00BD4A42A12371500FCFB55 /* PokeDexApp.swift */,
				C00BD4A62A12371500FCFB55 /* ContentView.swift */,
				C00BD4A82A12371600FCFB55 /* Assets.xcassets */,
				C00BD4AA2A12371600FCFB55 /* Preview Content */,
			);
			path = PokeDex;
			sourceTree = "<group>";
		};
		C00BD4AA2A12371600FCFB55 /* Preview Content */ = {
			isa = PBXGroup;
			children = (
				C00BD4AB2A12371600FCFB55 /* Preview Assets.xcassets */,
			);
			path = "Preview Content";
			sourceTree = "<group>";
		};
		C00BD4B22A12373700FCFB55 /* Model */ = {
			isa = PBXGroup;
			children = (
				C00BD4BE2A127B3F00FCFB55 /* Pokemon.swift */,
			);
			path = Model;
			sourceTree = "<group>";
		};
		C00BD4B32A12373D00FCFB55 /* ViewModel */ = {
			isa = PBXGroup;
			children = (
				C00BD4BC2A1247EF00FCFB55 /* ApiManager.swift */,
			);
			path = ViewModel;
			sourceTree = "<group>";
		};
		C00BD4B42A12374600FCFB55 /* View */ = {
			isa = PBXGroup;
			children = (
				C00BD4B52A12375900FCFB55 /* MainView.swift */,
				C00BD4B72A1237E400FCFB55 /* PokemonCell.swift */,
				C00BD4C32A129FB100FCFB55 /* PopUpView.swift */,
				C0A711F02A13DACE004071C3 /* PokemonListView.swift */,
			);
			path = View;
			sourceTree = "<group>";
		};
/* End PBXGroup section */

/* Begin PBXNativeTarget section */
		C00BD4A02A12371500FCFB55 /* PokeDex */ = {
			isa = PBXNativeTarget;
			buildConfigurationList = C00BD4AF2A12371600FCFB55 /* Build configuration list for PBXNativeTarget "PokeDex" */;
			buildPhases = (
				C00BD49D2A12371500FCFB55 /* Sources */,
				C00BD49E2A12371500FCFB55 /* Frameworks */,
				C00BD49F2A12371500FCFB55 /* Resources */,
			);
			buildRules = (
			);
			dependencies = (
			);
			name = PokeDex;
			packageProductDependencies = (
				C00BD4C12A128CCF00FCFB55 /* Kingfisher */,
			);
			productName = PokeDex;
			productReference = C00BD4A12A12371500FCFB55 /* PokeDex.app */;
			productType = "com.apple.product-type.application";
		};
/* End PBXNativeTarget section */

/* Begin PBXProject section */
		C00BD4992A12371500FCFB55 /* Project object */ = {
			isa = PBXProject;
			attributes = {
				BuildIndependentTargetsInParallel = 1;
				LastSwiftUpdateCheck = 1430;
				LastUpgradeCheck = 1430;
				TargetAttributes = {
					C00BD4A02A12371500FCFB55 = {
						CreatedOnToolsVersion = 14.3;
					};
				};
			};
			buildConfigurationList = C00BD49C2A12371500FCFB55 /* Build configuration list for PBXProject "PokeDex" */;
			compatibilityVersion = "Xcode 14.0";
			developmentRegion = en;
			hasScannedForEncodings = 0;
			knownRegions = (
				en,
				Base,
			);
			mainGroup = C00BD4982A12371500FCFB55;
			packageReferences = (
				C00BD4B92A1247DC00FCFB55 /* XCRemoteSwiftPackageReference "PokemonAPI" */,
				C00BD4C02A128CCF00FCFB55 /* XCRemoteSwiftPackageReference "Kingfisher" */,
			);
			productRefGroup = C00BD4A22A12371500FCFB55 /* Products */;
			projectDirPath = "";
			projectRoot = "";
			targets = (
				C00BD4A02A12371500FCFB55 /* PokeDex */,
			);
		};
/* End PBXProject section */

/* Begin PBXResourcesBuildPhase section */
		C00BD49F2A12371500FCFB55 /* Resources */ = {
			isa = PBXResourcesBuildPhase;
			buildActionMask = 2147483647;
			files = (
				C00BD4AC2A12371600FCFB55 /* Preview Assets.xcassets in Resources */,
				C00BD4A92A12371600FCFB55 /* Assets.xcassets in Resources */,
			);
			runOnlyForDeploymentPostprocessing = 0;
		};
/* End PBXResourcesBuildPhase section */

/* Begin PBXSourcesBuildPhase section */
		C00BD49D2A12371500FCFB55 /* Sources */ = {
			isa = PBXSourcesBuildPhase;
			buildActionMask = 2147483647;
			files = (
				C0A711F12A13DACE004071C3 /* PokemonListView.swift in Sources */,
				C00BD4C42A129FB100FCFB55 /* PopUpView.swift in Sources */,
				C00BD4A72A12371500FCFB55 /* ContentView.swift in Sources */,
				C00BD4B82A1237E400FCFB55 /* PokemonCell.swift in Sources */,
				C00BD4BD2A1247EF00FCFB55 /* ApiManager.swift in Sources */,
				C00BD4B62A12375900FCFB55 /* MainView.swift in Sources */,
				C00BD4A52A12371500FCFB55 /* PokeDexApp.swift in Sources */,
				C00BD4BF2A127B3F00FCFB55 /* Pokemon.swift in Sources */,
			);
			runOnlyForDeploymentPostprocessing = 0;
		};
/* End PBXSourcesBuildPhase section */

/* Begin XCBuildConfiguration section */
		C00BD4AD2A12371600FCFB55 /* Debug */ = {
			isa = XCBuildConfiguration;
			buildSettings = {
				ALWAYS_SEARCH_USER_PATHS = NO;
				CLANG_ANALYZER_NONNULL = YES;
				CLANG_ANALYZER_NUMBER_OBJECT_CONVERSION = YES_AGGRESSIVE;
				CLANG_CXX_LANGUAGE_STANDARD = "gnu++20";
				CLANG_ENABLE_MODULES = YES;
				CLANG_ENABLE_OBJC_ARC = YES;
				CLANG_ENABLE_OBJC_WEAK = YES;
				CLANG_WARN_BLOCK_CAPTURE_AUTORELEASING = YES;
				CLANG_WARN_BOOL_CONVERSION = YES;
				CLANG_WARN_COMMA = YES;
				CLANG_WARN_CONSTANT_CONVERSION = YES;
				CLANG_WARN_DEPRECATED_OBJC_IMPLEMENTATIONS = YES;
				CLANG_WARN_DIRECT_OBJC_ISA_USAGE = YES_ERROR;
				CLANG_WARN_DOCUMENTATION_COMMENTS = YES;
				CLANG_WARN_EMPTY_BODY = YES;
				CLANG_WARN_ENUM_CONVERSION = YES;
				CLANG_WARN_INFINITE_RECURSION = YES;
				CLANG_WARN_INT_CONVERSION = YES;
				CLANG_WARN_NON_LITERAL_NULL_CONVERSION = YES;
				CLANG_WARN_OBJC_IMPLICIT_RETAIN_SELF = YES;
				CLANG_WARN_OBJC_LITERAL_CONVERSION = YES;
				CLANG_WARN_OBJC_ROOT_CLASS = YES_ERROR;
				CLANG_WARN_QUOTED_INCLUDE_IN_FRAMEWORK_HEADER = YES;
				CLANG_WARN_RANGE_LOOP_ANALYSIS = YES;
				CLANG_WARN_STRICT_PROTOTYPES = YES;
				CLANG_WARN_SUSPICIOUS_MOVE = YES;
				CLANG_WARN_UNGUARDED_AVAILABILITY = YES_AGGRESSIVE;
				CLANG_WARN_UNREACHABLE_CODE = YES;
				CLANG_WARN__DUPLICATE_METHOD_MATCH = YES;
				COPY_PHASE_STRIP = NO;
				DEBUG_INFORMATION_FORMAT = dwarf;
				ENABLE_STRICT_OBJC_MSGSEND = YES;
				ENABLE_TESTABILITY = YES;
				GCC_C_LANGUAGE_STANDARD = gnu11;
				GCC_DYNAMIC_NO_PIC = NO;
				GCC_NO_COMMON_BLOCKS = YES;
				GCC_OPTIMIZATION_LEVEL = 0;
				GCC_PREPROCESSOR_DEFINITIONS = (
					"DEBUG=1",
					"$(inherited)",
				);
				GCC_WARN_64_TO_32_BIT_CONVERSION = YES;
				GCC_WARN_ABOUT_RETURN_TYPE = YES_ERROR;
				GCC_WARN_UNDECLARED_SELECTOR = YES;
				GCC_WARN_UNINITIALIZED_AUTOS = YES_AGGRESSIVE;
				GCC_WARN_UNUSED_FUNCTION = YES;
				GCC_WARN_UNUSED_VARIABLE = YES;
				IPHONEOS_DEPLOYMENT_TARGET = 16.4;
				MTL_ENABLE_DEBUG_INFO = INCLUDE_SOURCE;
				MTL_FAST_MATH = YES;
				ONLY_ACTIVE_ARCH = YES;
				SDKROOT = iphoneos;
				SWIFT_ACTIVE_COMPILATION_CONDITIONS = DEBUG;
				SWIFT_OPTIMIZATION_LEVEL = "-Onone";
			};
			name = Debug;
		};
		C00BD4AE2A12371600FCFB55 /* Release */ = {
			isa = XCBuildConfiguration;
			buildSettings = {
				ALWAYS_SEARCH_USER_PATHS = NO;
				CLANG_ANALYZER_NONNULL = YES;
				CLANG_ANALYZER_NUMBER_OBJECT_CONVERSION = YES_AGGRESSIVE;
				CLANG_CXX_LANGUAGE_STANDARD = "gnu++20";
				CLANG_ENABLE_MODULES = YES;
				CLANG_ENABLE_OBJC_ARC = YES;
				CLANG_ENABLE_OBJC_WEAK = YES;
				CLANG_WARN_BLOCK_CAPTURE_AUTORELEASING = YES;
				CLANG_WARN_BOOL_CONVERSION = YES;
				CLANG_WARN_COMMA = YES;
				CLANG_WARN_CONSTANT_CONVERSION = YES;
				CLANG_WARN_DEPRECATED_OBJC_IMPLEMENTATIONS = YES;
				CLANG_WARN_DIRECT_OBJC_ISA_USAGE = YES_ERROR;
				CLANG_WARN_DOCUMENTATION_COMMENTS = YES;
				CLANG_WARN_EMPTY_BODY = YES;
				CLANG_WARN_ENUM_CONVERSION = YES;
				CLANG_WARN_INFINITE_RECURSION = YES;
				CLANG_WARN_INT_CONVERSION = YES;
				CLANG_WARN_NON_LITERAL_NULL_CONVERSION = YES;
				CLANG_WARN_OBJC_IMPLICIT_RETAIN_SELF = YES;
				CLANG_WARN_OBJC_LITERAL_CONVERSION = YES;
				CLANG_WARN_OBJC_ROOT_CLASS = YES_ERROR;
				CLANG_WARN_QUOTED_INCLUDE_IN_FRAMEWORK_HEADER = YES;
				CLANG_WARN_RANGE_LOOP_ANALYSIS = YES;
				CLANG_WARN_STRICT_PROTOTYPES = YES;
				CLANG_WARN_SUSPICIOUS_MOVE = YES;
				CLANG_WARN_UNGUARDED_AVAILABILITY = YES_AGGRESSIVE;
				CLANG_WARN_UNREACHABLE_CODE = YES;
				CLANG_WARN__DUPLICATE_METHOD_MATCH = YES;
				COPY_PHASE_STRIP = NO;
				DEBUG_INFORMATION_FORMAT = "dwarf-with-dsym";
				ENABLE_NS_ASSERTIONS = NO;
				ENABLE_STRICT_OBJC_MSGSEND = YES;
				GCC_C_LANGUAGE_STANDARD = gnu11;
				GCC_NO_COMMON_BLOCKS = YES;
				GCC_WARN_64_TO_32_BIT_CONVERSION = YES;
				GCC_WARN_ABOUT_RETURN_TYPE = YES_ERROR;
				GCC_WARN_UNDECLARED_SELECTOR = YES;
				GCC_WARN_UNINITIALIZED_AUTOS = YES_AGGRESSIVE;
				GCC_WARN_UNUSED_FUNCTION = YES;
				GCC_WARN_UNUSED_VARIABLE = YES;
				IPHONEOS_DEPLOYMENT_TARGET = 16.4;
				MTL_ENABLE_DEBUG_INFO = NO;
				MTL_FAST_MATH = YES;
				SDKROOT = iphoneos;
				SWIFT_COMPILATION_MODE = wholemodule;
				SWIFT_OPTIMIZATION_LEVEL = "-O";
				VALIDATE_PRODUCT = YES;
			};
			name = Release;
		};
		C00BD4B02A12371600FCFB55 /* Debug */ = {
			isa = XCBuildConfiguration;
			buildSettings = {
				ASSETCATALOG_COMPILER_APPICON_NAME = AppIcon;
				ASSETCATALOG_COMPILER_GLOBAL_ACCENT_COLOR_NAME = AccentColor;
				CODE_SIGN_STYLE = Automatic;
				CURRENT_PROJECT_VERSION = 1;
				DEVELOPMENT_ASSET_PATHS = "";
				DEVELOPMENT_TEAM = KB835FKYB4;
				ENABLE_PREVIEWS = YES;
				GENERATE_INFOPLIST_FILE = YES;
				INFOPLIST_KEY_UIApplicationSceneManifest_Generation = YES;
				INFOPLIST_KEY_UIApplicationSupportsIndirectInputEvents = YES;
				INFOPLIST_KEY_UILaunchScreen_Generation = YES;
				INFOPLIST_KEY_UISupportedInterfaceOrientations_iPad = "UIInterfaceOrientationPortrait UIInterfaceOrientationPortraitUpsideDown UIInterfaceOrientationLandscapeLeft UIInterfaceOrientationLandscapeRight";
				INFOPLIST_KEY_UISupportedInterfaceOrientations_iPhone = "UIInterfaceOrientationPortrait UIInterfaceOrientationLandscapeLeft UIInterfaceOrientationLandscapeRight";
				LD_RUNPATH_SEARCH_PATHS = (
					"$(inherited)",
					"@executable_path/Frameworks",
				);
				MARKETING_VERSION = 1.0;
				PRODUCT_BUNDLE_IDENTIFIER = com.csabaturdesan.PokeDex;
				PRODUCT_NAME = "$(TARGET_NAME)";
				SWIFT_EMIT_LOC_STRINGS = YES;
				SWIFT_VERSION = 5.0;
				TARGETED_DEVICE_FAMILY = "1,2";
			};
			name = Debug;
		};
		C00BD4B12A12371600FCFB55 /* Release */ = {
			isa = XCBuildConfiguration;
			buildSettings = {
				ASSETCATALOG_COMPILER_APPICON_NAME = AppIcon;
				ASSETCATALOG_COMPILER_GLOBAL_ACCENT_COLOR_NAME = AccentColor;
				CODE_SIGN_STYLE = Automatic;
				CURRENT_PROJECT_VERSION = 1;
				DEVELOPMENT_ASSET_PATHS = "";
				DEVELOPMENT_TEAM = KB835FKYB4;
				ENABLE_PREVIEWS = YES;
				GENERATE_INFOPLIST_FILE = YES;
				INFOPLIST_KEY_UIApplicationSceneManifest_Generation = YES;
				INFOPLIST_KEY_UIApplicationSupportsIndirectInputEvents = YES;
				INFOPLIST_KEY_UILaunchScreen_Generation = YES;
				INFOPLIST_KEY_UISupportedInterfaceOrientations_iPad = "UIInterfaceOrientationPortrait UIInterfaceOrientationPortraitUpsideDown UIInterfaceOrientationLandscapeLeft UIInterfaceOrientationLandscapeRight";
				INFOPLIST_KEY_UISupportedInterfaceOrientations_iPhone = "UIInterfaceOrientationPortrait UIInterfaceOrientationLandscapeLeft UIInterfaceOrientationLandscapeRight";
				LD_RUNPATH_SEARCH_PATHS = (
					"$(inherited)",
					"@executable_path/Frameworks",
				);
				MARKETING_VERSION = 1.0;
				PRODUCT_BUNDLE_IDENTIFIER = com.csabaturdesan.PokeDex;
				PRODUCT_NAME = "$(TARGET_NAME)";
				SWIFT_EMIT_LOC_STRINGS = YES;
				SWIFT_VERSION = 5.0;
				TARGETED_DEVICE_FAMILY = "1,2";
			};
			name = Release;
		};
/* End XCBuildConfiguration section */

/* Begin XCConfigurationList section */
		C00BD49C2A12371500FCFB55 /* Build configuration list for PBXProject "PokeDex" */ = {
			isa = XCConfigurationList;
			buildConfigurations = (
				C00BD4AD2A12371600FCFB55 /* Debug */,
				C00BD4AE2A12371600FCFB55 /* Release */,
			);
			defaultConfigurationIsVisible = 0;
			defaultConfigurationName = Release;
		};
		C00BD4AF2A12371600FCFB55 /* Build configuration list for PBXNativeTarget "PokeDex" */ = {
			isa = XCConfigurationList;
			buildConfigurations = (
				C00BD4B02A12371600FCFB55 /* Debug */,
				C00BD4B12A12371600FCFB55 /* Release */,
			);
			defaultConfigurationIsVisible = 0;
			defaultConfigurationName = Release;
		};
/* End XCConfigurationList section */

/* Begin XCRemoteSwiftPackageReference section */
		C00BD4B92A1247DC00FCFB55 /* XCRemoteSwiftPackageReference "PokemonAPI" */ = {
			isa = XCRemoteSwiftPackageReference;
			repositoryURL = "https://github.com/kinkofer/PokemonAPI";
			requirement = {
				kind = upToNextMajorVersion;
				minimumVersion = 6.0.0;
			};
		};
		C00BD4C02A128CCF00FCFB55 /* XCRemoteSwiftPackageReference "Kingfisher" */ = {
			isa = XCRemoteSwiftPackageReference;
			repositoryURL = "https://github.com/onevcat/Kingfisher";
			requirement = {
				kind = upToNextMajorVersion;
				minimumVersion = 7.0.0;
			};
		};
/* End XCRemoteSwiftPackageReference section */

/* Begin XCSwiftPackageProductDependency section */
		C00BD4C12A128CCF00FCFB55 /* Kingfisher */ = {
			isa = XCSwiftPackageProductDependency;
			package = C00BD4C02A128CCF00FCFB55 /* XCRemoteSwiftPackageReference "Kingfisher" */;
			productName = Kingfisher;
		};
/* End XCSwiftPackageProductDependency section */
	};
	rootObject = C00BD4992A12371500FCFB55 /* Project object */;
}
